PODS:
  - Alamofire (5.4.4)
  - Differentiator (3.1.0)
  - RxCocoa (4.3.1):
    - RxSwift (~> 4.0)
  - RxDataSources (3.1.0):
    - Differentiator (~> 3.0)
    - RxCocoa (~> 4.0)
    - RxSwift (~> 4.0)
  - RxSwift (4.3.1)

DEPENDENCIES:
  - Alamofire
  - RxCocoa
  - RxDataSources
  - RxSwift

SPEC REPOS:
  https://github.com/CocoaPods/Specs.git:
    - RxCocoa
    - RxSwift
  trunk:
    - Alamofire
    - Differentiator
    - RxDataSources

SPEC CHECKSUMS:
  Alamofire: f3b09a368f1582ab751b3fff5460276e0d2cf5c9
  Differentiator: be49ca3408f0ecfc761e4c7763d20c62be01b9ad
  RxCocoa: 78763c7b07d02455598d9fc3c1ad091a28b73635
  RxDataSources: a843bad90c29817f5923ec8163f4af2de084ceb3
  RxSwift: fe0fd770a43acdb7d0a53da411c9b892e69bb6e4

PODFILE CHECKSUM: f840981a18138e2eb94dd30528e604e56adc665f

COCOAPODS: 1.9.2
